{
  "object": {
    "pins": [
      {
        "package": "Eval",
        "repositoryURL": "/Users/laszloteveli/Documents/Interpreter",
        "state": {
          "branch": null,
          "revision": "12089ab74e335b73fd78f33ccb7e7933226ead64",
          "version": "1.0.0"
        }
      }
    ]
  },
  "version": 1
}
