{
  "object": {
    "pins": [
      {
        "package": "Eval",
        "repositoryURL": "/Users/laszloteveli/Documents/Interpreter",
        "state": {
          "branch": null,
          "revision": "950e142cbfbfc67e526465363d4a8374bb749dde",
          "version": "1.0.0"
        }
      }
    ]
  },
  "version": 1
}
