// !$*UTF8*$!
{
	archiveVersion = 1;
	classes = {
	};
	objectVersion = 46;
	objects = {

/* Begin PBXAggregateTarget section */
		"TemplateExample::TemplateExamplePackageTests::ProductTarget" /* TemplateExamplePackageTests */ = {
			isa = PBXAggregateTarget;
			buildConfigurationList = OBJ_77 /* Build configuration list for PBXAggregateTarget "TemplateExamplePackageTests" */;
			buildPhases = (
			);
			dependencies = (
				OBJ_80 /* PBXTargetDependency */,
			);
			name = TemplateExamplePackageTests;
			productName = TemplateExamplePackageTests;
		};
/* End PBXAggregateTarget section */

/* Begin PBXBuildFile section */
		3AA519C520155259008F3CE6 /* template.txt in Resources */ = {isa = PBXBuildFile; fileRef = 3AA519C420155259008F3CE6 /* template.txt */; };
		3AA519C7201552B7008F3CE6 /* import.txt in Resources */ = {isa = PBXBuildFile; fileRef = 3AA519C6201552B7008F3CE6 /* import.txt */; };
		OBJ_35 /* Package.swift in Sources */ = {isa = PBXBuildFile; fileRef = OBJ_6 /* Package.swift */; };
		OBJ_41 /* Package.swift in Sources */ = {isa = PBXBuildFile; fileRef = OBJ_25 /* Package.swift */; };
		OBJ_47 /* TemplateExampleComponentTests.swift in Sources */ = {isa = PBXBuildFile; fileRef = OBJ_12 /* TemplateExampleComponentTests.swift */; };
		OBJ_48 /* TemplateExampleTests.swift in Sources */ = {isa = PBXBuildFile; fileRef = OBJ_13 /* TemplateExampleTests.swift */; };
		OBJ_50 /* TemplateExample.framework in Frameworks */ = {isa = PBXBuildFile; fileRef = "TemplateExample::TemplateExample::Product" /* TemplateExample.framework */; };
		OBJ_51 /* Eval.framework in Frameworks */ = {isa = PBXBuildFile; fileRef = "Eval::Eval::Product" /* Eval.framework */; };
		OBJ_60 /* TemplateExample.swift in Sources */ = {isa = PBXBuildFile; fileRef = OBJ_9 /* TemplateExample.swift */; };
		OBJ_62 /* Eval.framework in Frameworks */ = {isa = PBXBuildFile; fileRef = "Eval::Eval::Product" /* Eval.framework */; };
		OBJ_68 /* Common.swift in Sources */ = {isa = PBXBuildFile; fileRef = OBJ_17 /* Common.swift */; };
		OBJ_69 /* Elements.swift in Sources */ = {isa = PBXBuildFile; fileRef = OBJ_18 /* Elements.swift */; };
		OBJ_70 /* TemplateInterpreter.swift in Sources */ = {isa = PBXBuildFile; fileRef = OBJ_19 /* TemplateInterpreter.swift */; };
		OBJ_71 /* TypedInterpreter.swift in Sources */ = {isa = PBXBuildFile; fileRef = OBJ_20 /* TypedInterpreter.swift */; };
		OBJ_72 /* MatchResult.swift in Sources */ = {isa = PBXBuildFile; fileRef = OBJ_22 /* MatchResult.swift */; };
		OBJ_73 /* Matcher.swift in Sources */ = {isa = PBXBuildFile; fileRef = OBJ_23 /* Matcher.swift */; };
		OBJ_74 /* Utils.swift in Sources */ = {isa = PBXBuildFile; fileRef = OBJ_24 /* Utils.swift */; };
/* End PBXBuildFile section */

/* Begin PBXContainerItemProxy section */
		3AA519BF201551FC008F3CE6 /* PBXContainerItemProxy */ = {
			isa = PBXContainerItemProxy;
			containerPortal = OBJ_1 /* Project object */;
			proxyType = 1;
			remoteGlobalIDString = "Eval::Eval";
			remoteInfo = Eval;
		};
		3AA519C0201551FC008F3CE6 /* PBXContainerItemProxy */ = {
			isa = PBXContainerItemProxy;
			containerPortal = OBJ_1 /* Project object */;
			proxyType = 1;
			remoteGlobalIDString = "TemplateExample::TemplateExample";
			remoteInfo = TemplateExample;
		};
		3AA519C1201551FC008F3CE6 /* PBXContainerItemProxy */ = {
			isa = PBXContainerItemProxy;
			containerPortal = OBJ_1 /* Project object */;
			proxyType = 1;
			remoteGlobalIDString = "Eval::Eval";
			remoteInfo = Eval;
		};
		3AA519C2201551FC008F3CE6 /* PBXContainerItemProxy */ = {
			isa = PBXContainerItemProxy;
			containerPortal = OBJ_1 /* Project object */;
			proxyType = 1;
			remoteGlobalIDString = "TemplateExample::TemplateExampleTests";
			remoteInfo = TemplateExampleTests;
		};
/* End PBXContainerItemProxy section */

/* Begin PBXFileReference section */
		3AA519C420155259008F3CE6 /* template.txt */ = {isa = PBXFileReference; fileEncoding = 4; lastKnownFileType = text; path = template.txt; sourceTree = "<group>"; };
		3AA519C6201552B7008F3CE6 /* import.txt */ = {isa = PBXFileReference; lastKnownFileType = text; path = import.txt; sourceTree = "<group>"; };
		"Eval::Eval::Product" /* Eval.framework */ = {isa = PBXFileReference; explicitFileType = wrapper.framework; path = Eval.framework; sourceTree = BUILT_PRODUCTS_DIR; };
		OBJ_12 /* TemplateExampleComponentTests.swift */ = {isa = PBXFileReference; lastKnownFileType = sourcecode.swift; path = TemplateExampleComponentTests.swift; sourceTree = "<group>"; };
		OBJ_13 /* TemplateExampleTests.swift */ = {isa = PBXFileReference; lastKnownFileType = sourcecode.swift; path = TemplateExampleTests.swift; sourceTree = "<group>"; };
		OBJ_17 /* Common.swift */ = {isa = PBXFileReference; lastKnownFileType = sourcecode.swift; path = Common.swift; sourceTree = "<group>"; };
		OBJ_18 /* Elements.swift */ = {isa = PBXFileReference; lastKnownFileType = sourcecode.swift; path = Elements.swift; sourceTree = "<group>"; };
		OBJ_19 /* TemplateInterpreter.swift */ = {isa = PBXFileReference; lastKnownFileType = sourcecode.swift; path = TemplateInterpreter.swift; sourceTree = "<group>"; };
		OBJ_20 /* TypedInterpreter.swift */ = {isa = PBXFileReference; lastKnownFileType = sourcecode.swift; path = TypedInterpreter.swift; sourceTree = "<group>"; };
		OBJ_22 /* MatchResult.swift */ = {isa = PBXFileReference; lastKnownFileType = sourcecode.swift; path = MatchResult.swift; sourceTree = "<group>"; };
		OBJ_23 /* Matcher.swift */ = {isa = PBXFileReference; lastKnownFileType = sourcecode.swift; path = Matcher.swift; sourceTree = "<group>"; };
		OBJ_24 /* Utils.swift */ = {isa = PBXFileReference; lastKnownFileType = sourcecode.swift; path = Utils.swift; sourceTree = "<group>"; };
		OBJ_25 /* Package.swift */ = {isa = PBXFileReference; explicitFileType = sourcecode.swift; name = Package.swift; path = "/Users/laszloteveli/Documents/Interpreter/Examples/TemplateExample/.build/checkouts/Interpreter-5597044658201779578/Package.swift"; sourceTree = "<group>"; };
		OBJ_6 /* Package.swift */ = {isa = PBXFileReference; explicitFileType = sourcecode.swift; path = Package.swift; sourceTree = "<group>"; };
		OBJ_9 /* TemplateExample.swift */ = {isa = PBXFileReference; lastKnownFileType = sourcecode.swift; path = TemplateExample.swift; sourceTree = "<group>"; };
		"TemplateExample::TemplateExample::Product" /* TemplateExample.framework */ = {isa = PBXFileReference; explicitFileType = wrapper.framework; path = TemplateExample.framework; sourceTree = BUILT_PRODUCTS_DIR; };
		"TemplateExample::TemplateExampleTests::Product" /* TemplateExampleTests.xctest */ = {isa = PBXFileReference; lastKnownFileType = file; path = TemplateExampleTests.xctest; sourceTree = BUILT_PRODUCTS_DIR; };
/* End PBXFileReference section */

/* Begin PBXFrameworksBuildPhase section */
		OBJ_49 /* Frameworks */ = {
			isa = PBXFrameworksBuildPhase;
			buildActionMask = 0;
			files = (
				OBJ_50 /* TemplateExample.framework in Frameworks */,
				OBJ_51 /* Eval.framework in Frameworks */,
			);
			runOnlyForDeploymentPostprocessing = 0;
		};
		OBJ_61 /* Frameworks */ = {
			isa = PBXFrameworksBuildPhase;
			buildActionMask = 0;
			files = (
				OBJ_62 /* Eval.framework in Frameworks */,
			);
			runOnlyForDeploymentPostprocessing = 0;
		};
		OBJ_75 /* Frameworks */ = {
			isa = PBXFrameworksBuildPhase;
			buildActionMask = 0;
			files = (
			);
			runOnlyForDeploymentPostprocessing = 0;
		};
/* End PBXFrameworksBuildPhase section */

/* Begin PBXGroup section */
		OBJ_10 /* Tests */ = {
			isa = PBXGroup;
			children = (
				OBJ_11 /* TemplateExampleTests */,
			);
			name = Tests;
			sourceTree = SOURCE_ROOT;
		};
		OBJ_11 /* TemplateExampleTests */ = {
			isa = PBXGroup;
			children = (
				3AA519C420155259008F3CE6 /* template.txt */,
				OBJ_12 /* TemplateExampleComponentTests.swift */,
				OBJ_13 /* TemplateExampleTests.swift */,
				3AA519C6201552B7008F3CE6 /* import.txt */,
			);
			name = TemplateExampleTests;
			path = Tests/TemplateExampleTests;
			sourceTree = SOURCE_ROOT;
		};
		OBJ_14 /* Dependencies */ = {
			isa = PBXGroup;
			children = (
				OBJ_15 /* Eval 1.2.0 */,
			);
			name = Dependencies;
			sourceTree = "<group>";
		};
		OBJ_15 /* Eval 1.2.0 */ = {
			isa = PBXGroup;
			children = (
				OBJ_16 /* Eval */,
				OBJ_25 /* Package.swift */,
			);
			name = "Eval 1.2.0";
			sourceTree = SOURCE_ROOT;
		};
		OBJ_16 /* Eval */ = {
			isa = PBXGroup;
			children = (
				OBJ_17 /* Common.swift */,
				OBJ_18 /* Elements.swift */,
				OBJ_19 /* TemplateInterpreter.swift */,
				OBJ_20 /* TypedInterpreter.swift */,
				OBJ_21 /* Utilities */,
			);
			name = Eval;
			path = ".build/checkouts/Interpreter-5597044658201779578/Sources/Eval";
			sourceTree = SOURCE_ROOT;
		};
		OBJ_21 /* Utilities */ = {
			isa = PBXGroup;
			children = (
				OBJ_22 /* MatchResult.swift */,
				OBJ_23 /* Matcher.swift */,
				OBJ_24 /* Utils.swift */,
			);
			path = Utilities;
			sourceTree = "<group>";
		};
		OBJ_26 /* Products */ = {
			isa = PBXGroup;
			children = (
				"TemplateExample::TemplateExampleTests::Product" /* TemplateExampleTests.xctest */,
				"TemplateExample::TemplateExample::Product" /* TemplateExample.framework */,
				"Eval::Eval::Product" /* Eval.framework */,
			);
			name = Products;
			sourceTree = BUILT_PRODUCTS_DIR;
		};
		OBJ_5 /*  */ = {
			isa = PBXGroup;
			children = (
				OBJ_6 /* Package.swift */,
				OBJ_7 /* Sources */,
				OBJ_10 /* Tests */,
				OBJ_14 /* Dependencies */,
				OBJ_26 /* Products */,
			);
			name = "";
			sourceTree = "<group>";
		};
		OBJ_7 /* Sources */ = {
			isa = PBXGroup;
			children = (
				OBJ_8 /* TemplateExample */,
			);
			name = Sources;
			sourceTree = SOURCE_ROOT;
		};
		OBJ_8 /* TemplateExample */ = {
			isa = PBXGroup;
			children = (
				OBJ_9 /* TemplateExample.swift */,
			);
			name = TemplateExample;
			path = Sources/TemplateExample;
			sourceTree = SOURCE_ROOT;
		};
/* End PBXGroup section */

/* Begin PBXNativeTarget section */
		"Eval::Eval" /* Eval */ = {
			isa = PBXNativeTarget;
			buildConfigurationList = OBJ_64 /* Build configuration list for PBXNativeTarget "Eval" */;
			buildPhases = (
				OBJ_67 /* Sources */,
				OBJ_75 /* Frameworks */,
			);
			buildRules = (
			);
			dependencies = (
			);
			name = Eval;
			productName = Eval;
			productReference = "Eval::Eval::Product" /* Eval.framework */;
			productType = "com.apple.product-type.framework";
		};
		"Eval::SwiftPMPackageDescription" /* EvalPackageDescription */ = {
			isa = PBXNativeTarget;
			buildConfigurationList = OBJ_37 /* Build configuration list for PBXNativeTarget "EvalPackageDescription" */;
			buildPhases = (
				OBJ_40 /* Sources */,
			);
			buildRules = (
			);
			dependencies = (
			);
			name = EvalPackageDescription;
			productName = EvalPackageDescription;
			productType = "com.apple.product-type.framework";
		};
		"TemplateExample::SwiftPMPackageDescription" /* TemplateExamplePackageDescription */ = {
			isa = PBXNativeTarget;
			buildConfigurationList = OBJ_31 /* Build configuration list for PBXNativeTarget "TemplateExamplePackageDescription" */;
			buildPhases = (
				OBJ_34 /* Sources */,
			);
			buildRules = (
			);
			dependencies = (
			);
			name = TemplateExamplePackageDescription;
			productName = TemplateExamplePackageDescription;
			productType = "com.apple.product-type.framework";
		};
		"TemplateExample::TemplateExample" /* TemplateExample */ = {
			isa = PBXNativeTarget;
			buildConfigurationList = OBJ_56 /* Build configuration list for PBXNativeTarget "TemplateExample" */;
			buildPhases = (
				OBJ_59 /* Sources */,
				OBJ_61 /* Frameworks */,
			);
			buildRules = (
			);
			dependencies = (
				OBJ_63 /* PBXTargetDependency */,
			);
			name = TemplateExample;
			productName = TemplateExample;
			productReference = "TemplateExample::TemplateExample::Product" /* TemplateExample.framework */;
			productType = "com.apple.product-type.framework";
		};
		"TemplateExample::TemplateExampleTests" /* TemplateExampleTests */ = {
			isa = PBXNativeTarget;
			buildConfigurationList = OBJ_43 /* Build configuration list for PBXNativeTarget "TemplateExampleTests" */;
			buildPhases = (
				OBJ_46 /* Sources */,
				OBJ_49 /* Frameworks */,
				3AA519C32015524A008F3CE6 /* Resources */,
			);
			buildRules = (
			);
			dependencies = (
				OBJ_52 /* PBXTargetDependency */,
				OBJ_54 /* PBXTargetDependency */,
			);
			name = TemplateExampleTests;
			productName = TemplateExampleTests;
			productReference = "TemplateExample::TemplateExampleTests::Product" /* TemplateExampleTests.xctest */;
			productType = "com.apple.product-type.bundle.unit-test";
		};
/* End PBXNativeTarget section */

/* Begin PBXProject section */
		OBJ_1 /* Project object */ = {
			isa = PBXProject;
			attributes = {
				LastUpgradeCheck = 9999;
			};
			buildConfigurationList = OBJ_2 /* Build configuration list for PBXProject "TemplateExample" */;
			compatibilityVersion = "Xcode 3.2";
			developmentRegion = English;
			hasScannedForEncodings = 0;
			knownRegions = (
				en,
			);
			mainGroup = OBJ_5 /*  */;
			productRefGroup = OBJ_26 /* Products */;
			projectDirPath = "";
			projectRoot = "";
			targets = (
				"TemplateExample::SwiftPMPackageDescription" /* TemplateExamplePackageDescription */,
				"Eval::SwiftPMPackageDescription" /* EvalPackageDescription */,
				"TemplateExample::TemplateExampleTests" /* TemplateExampleTests */,
				"TemplateExample::TemplateExample" /* TemplateExample */,
				"Eval::Eval" /* Eval */,
				"TemplateExample::TemplateExamplePackageTests::ProductTarget" /* TemplateExamplePackageTests */,
			);
		};
/* End PBXProject section */

/* Begin PBXResourcesBuildPhase section */
		3AA519C32015524A008F3CE6 /* Resources */ = {
			isa = PBXResourcesBuildPhase;
			buildActionMask = 2147483647;
			files = (
				3AA519C520155259008F3CE6 /* template.txt in Resources */,
				3AA519C7201552B7008F3CE6 /* import.txt in Resources */,
			);
			runOnlyForDeploymentPostprocessing = 0;
		};
/* End PBXResourcesBuildPhase section */

/* Begin PBXSourcesBuildPhase section */
		OBJ_34 /* Sources */ = {
			isa = PBXSourcesBuildPhase;
			buildActionMask = 0;
			files = (
				OBJ_35 /* Package.swift in Sources */,
			);
			runOnlyForDeploymentPostprocessing = 0;
		};
		OBJ_40 /* Sources */ = {
			isa = PBXSourcesBuildPhase;
			buildActionMask = 0;
			files = (
				OBJ_41 /* Package.swift in Sources */,
			);
			runOnlyForDeploymentPostprocessing = 0;
		};
		OBJ_46 /* Sources */ = {
			isa = PBXSourcesBuildPhase;
			buildActionMask = 0;
			files = (
				OBJ_47 /* TemplateExampleComponentTests.swift in Sources */,
				OBJ_48 /* TemplateExampleTests.swift in Sources */,
			);
			runOnlyForDeploymentPostprocessing = 0;
		};
		OBJ_59 /* Sources */ = {
			isa = PBXSourcesBuildPhase;
			buildActionMask = 0;
			files = (
				OBJ_60 /* TemplateExample.swift in Sources */,
			);
			runOnlyForDeploymentPostprocessing = 0;
		};
		OBJ_67 /* Sources */ = {
			isa = PBXSourcesBuildPhase;
			buildActionMask = 0;
			files = (
				OBJ_68 /* Common.swift in Sources */,
				OBJ_69 /* Elements.swift in Sources */,
				OBJ_70 /* TemplateInterpreter.swift in Sources */,
				OBJ_71 /* TypedInterpreter.swift in Sources */,
				OBJ_72 /* MatchResult.swift in Sources */,
				OBJ_73 /* Matcher.swift in Sources */,
				OBJ_74 /* Utils.swift in Sources */,
			);
			runOnlyForDeploymentPostprocessing = 0;
		};
/* End PBXSourcesBuildPhase section */

/* Begin PBXTargetDependency section */
		OBJ_52 /* PBXTargetDependency */ = {
			isa = PBXTargetDependency;
			target = "TemplateExample::TemplateExample" /* TemplateExample */;
			targetProxy = 3AA519C0201551FC008F3CE6 /* PBXContainerItemProxy */;
		};
		OBJ_54 /* PBXTargetDependency */ = {
			isa = PBXTargetDependency;
			target = "Eval::Eval" /* Eval */;
			targetProxy = 3AA519C1201551FC008F3CE6 /* PBXContainerItemProxy */;
		};
		OBJ_63 /* PBXTargetDependency */ = {
			isa = PBXTargetDependency;
			target = "Eval::Eval" /* Eval */;
			targetProxy = 3AA519BF201551FC008F3CE6 /* PBXContainerItemProxy */;
		};
		OBJ_80 /* PBXTargetDependency */ = {
			isa = PBXTargetDependency;
			target = "TemplateExample::TemplateExampleTests" /* TemplateExampleTests */;
			targetProxy = 3AA519C2201551FC008F3CE6 /* PBXContainerItemProxy */;
		};
/* End PBXTargetDependency section */

/* Begin XCBuildConfiguration section */
		OBJ_3 /* Debug */ = {
			isa = XCBuildConfiguration;
			buildSettings = {
				CLANG_ENABLE_OBJC_ARC = YES;
				COMBINE_HIDPI_IMAGES = YES;
				COPY_PHASE_STRIP = NO;
				DEBUG_INFORMATION_FORMAT = dwarf;
				DYLIB_INSTALL_NAME_BASE = "@rpath";
				ENABLE_NS_ASSERTIONS = YES;
				GCC_OPTIMIZATION_LEVEL = 0;
				MACOSX_DEPLOYMENT_TARGET = 10.10;
				ONLY_ACTIVE_ARCH = YES;
				OTHER_SWIFT_FLAGS = "-DXcode";
				PRODUCT_NAME = "$(TARGET_NAME)";
				SDKROOT = macosx;
				SUPPORTED_PLATFORMS = "macosx iphoneos iphonesimulator appletvos appletvsimulator watchos watchsimulator";
				SWIFT_ACTIVE_COMPILATION_CONDITIONS = SWIFT_PACKAGE;
				SWIFT_OPTIMIZATION_LEVEL = "-Onone";
				USE_HEADERMAP = NO;
			};
			name = Debug;
		};
		OBJ_32 /* Debug */ = {
			isa = XCBuildConfiguration;
			buildSettings = {
				LD = /usr/bin/true;
				OTHER_SWIFT_FLAGS = "-swift-version 4 -I /Applications/Xcode.app/Contents/Developer/Toolchains/XcodeDefault.xctoolchain/usr/lib/swift/pm/4 -target x86_64-apple-macosx10.10 -sdk /Applications/Xcode.app/Contents/Developer/Platforms/MacOSX.platform/Developer/SDKs/MacOSX10.13.sdk";
				SWIFT_VERSION = 4.0;
			};
			name = Debug;
		};
		OBJ_33 /* Release */ = {
			isa = XCBuildConfiguration;
			buildSettings = {
				LD = /usr/bin/true;
				OTHER_SWIFT_FLAGS = "-swift-version 4 -I /Applications/Xcode.app/Contents/Developer/Toolchains/XcodeDefault.xctoolchain/usr/lib/swift/pm/4 -target x86_64-apple-macosx10.10 -sdk /Applications/Xcode.app/Contents/Developer/Platforms/MacOSX.platform/Developer/SDKs/MacOSX10.13.sdk";
				SWIFT_VERSION = 4.0;
			};
			name = Release;
		};
		OBJ_38 /* Debug */ = {
			isa = XCBuildConfiguration;
			buildSettings = {
				LD = /usr/bin/true;
				OTHER_SWIFT_FLAGS = "-swift-version 4 -I /Applications/Xcode.app/Contents/Developer/Toolchains/XcodeDefault.xctoolchain/usr/lib/swift/pm/4 -target x86_64-apple-macosx10.10 -sdk /Applications/Xcode.app/Contents/Developer/Platforms/MacOSX.platform/Developer/SDKs/MacOSX10.13.sdk";
				SWIFT_VERSION = 4.0;
			};
			name = Debug;
		};
		OBJ_39 /* Release */ = {
			isa = XCBuildConfiguration;
			buildSettings = {
				LD = /usr/bin/true;
				OTHER_SWIFT_FLAGS = "-swift-version 4 -I /Applications/Xcode.app/Contents/Developer/Toolchains/XcodeDefault.xctoolchain/usr/lib/swift/pm/4 -target x86_64-apple-macosx10.10 -sdk /Applications/Xcode.app/Contents/Developer/Platforms/MacOSX.platform/Developer/SDKs/MacOSX10.13.sdk";
				SWIFT_VERSION = 4.0;
			};
			name = Release;
		};
		OBJ_4 /* Release */ = {
			isa = XCBuildConfiguration;
			buildSettings = {
				CLANG_ENABLE_OBJC_ARC = YES;
				COMBINE_HIDPI_IMAGES = YES;
				COPY_PHASE_STRIP = YES;
				DEBUG_INFORMATION_FORMAT = "dwarf-with-dsym";
				DYLIB_INSTALL_NAME_BASE = "@rpath";
				GCC_OPTIMIZATION_LEVEL = s;
				MACOSX_DEPLOYMENT_TARGET = 10.10;
				OTHER_SWIFT_FLAGS = "-DXcode";
				PRODUCT_NAME = "$(TARGET_NAME)";
				SDKROOT = macosx;
				SUPPORTED_PLATFORMS = "macosx iphoneos iphonesimulator appletvos appletvsimulator watchos watchsimulator";
				SWIFT_ACTIVE_COMPILATION_CONDITIONS = SWIFT_PACKAGE;
				SWIFT_OPTIMIZATION_LEVEL = "-Owholemodule";
				USE_HEADERMAP = NO;
			};
			name = Release;
		};
		OBJ_44 /* Debug */ = {
			isa = XCBuildConfiguration;
			buildSettings = {
				EMBEDDED_CONTENT_CONTAINS_SWIFT = YES;
				FRAMEWORK_SEARCH_PATHS = (
					"$(inherited)",
					"$(PLATFORM_DIR)/Developer/Library/Frameworks",
				);
				HEADER_SEARCH_PATHS = "$(inherited)";
				INFOPLIST_FILE = TemplateExample.xcodeproj/TemplateExampleTests_Info.plist;
				LD_RUNPATH_SEARCH_PATHS = "@loader_path/../Frameworks @loader_path/Frameworks";
				OTHER_LDFLAGS = "$(inherited)";
				OTHER_SWIFT_FLAGS = "$(inherited)";
				SWIFT_VERSION = 4.0;
				TARGET_NAME = TemplateExampleTests;
			};
			name = Debug;
		};
		OBJ_45 /* Release */ = {
			isa = XCBuildConfiguration;
			buildSettings = {
				EMBEDDED_CONTENT_CONTAINS_SWIFT = YES;
				FRAMEWORK_SEARCH_PATHS = (
					"$(inherited)",
					"$(PLATFORM_DIR)/Developer/Library/Frameworks",
				);
				HEADER_SEARCH_PATHS = "$(inherited)";
				INFOPLIST_FILE = TemplateExample.xcodeproj/TemplateExampleTests_Info.plist;
				LD_RUNPATH_SEARCH_PATHS = "@loader_path/../Frameworks @loader_path/Frameworks";
				OTHER_LDFLAGS = "$(inherited)";
				OTHER_SWIFT_FLAGS = "$(inherited)";
				SWIFT_VERSION = 4.0;
				TARGET_NAME = TemplateExampleTests;
			};
			name = Release;
		};
		OBJ_57 /* Debug */ = {
			isa = XCBuildConfiguration;
			buildSettings = {
				ENABLE_TESTABILITY = YES;
				FRAMEWORK_SEARCH_PATHS = (
					"$(inherited)",
					"$(PLATFORM_DIR)/Developer/Library/Frameworks",
				);
				HEADER_SEARCH_PATHS = "$(inherited)";
				INFOPLIST_FILE = TemplateExample.xcodeproj/TemplateExample_Info.plist;
				LD_RUNPATH_SEARCH_PATHS = "$(TOOLCHAIN_DIR)/usr/lib/swift/macosx";
				OTHER_LDFLAGS = "$(inherited)";
				OTHER_SWIFT_FLAGS = "$(inherited)";
				PRODUCT_BUNDLE_IDENTIFIER = TemplateExample;
				PRODUCT_MODULE_NAME = "$(TARGET_NAME:c99extidentifier)";
				PRODUCT_NAME = "$(TARGET_NAME:c99extidentifier)";
				SKIP_INSTALL = YES;
				SWIFT_VERSION = 4.0;
				TARGET_NAME = TemplateExample;
			};
			name = Debug;
		};
		OBJ_58 /* Release */ = {
			isa = XCBuildConfiguration;
			buildSettings = {
				ENABLE_TESTABILITY = YES;
				FRAMEWORK_SEARCH_PATHS = (
					"$(inherited)",
					"$(PLATFORM_DIR)/Developer/Library/Frameworks",
				);
				HEADER_SEARCH_PATHS = "$(inherited)";
				INFOPLIST_FILE = TemplateExample.xcodeproj/TemplateExample_Info.plist;
				LD_RUNPATH_SEARCH_PATHS = "$(TOOLCHAIN_DIR)/usr/lib/swift/macosx";
				OTHER_LDFLAGS = "$(inherited)";
				OTHER_SWIFT_FLAGS = "$(inherited)";
				PRODUCT_BUNDLE_IDENTIFIER = TemplateExample;
				PRODUCT_MODULE_NAME = "$(TARGET_NAME:c99extidentifier)";
				PRODUCT_NAME = "$(TARGET_NAME:c99extidentifier)";
				SKIP_INSTALL = YES;
				SWIFT_VERSION = 4.0;
				TARGET_NAME = TemplateExample;
			};
			name = Release;
		};
		OBJ_65 /* Debug */ = {
			isa = XCBuildConfiguration;
			buildSettings = {
				ENABLE_TESTABILITY = YES;
				FRAMEWORK_SEARCH_PATHS = (
					"$(inherited)",
					"$(PLATFORM_DIR)/Developer/Library/Frameworks",
				);
				HEADER_SEARCH_PATHS = "$(inherited)";
				INFOPLIST_FILE = TemplateExample.xcodeproj/Eval_Info.plist;
				LD_RUNPATH_SEARCH_PATHS = "$(TOOLCHAIN_DIR)/usr/lib/swift/macosx";
				OTHER_LDFLAGS = "$(inherited)";
				OTHER_SWIFT_FLAGS = "$(inherited)";
				PRODUCT_BUNDLE_IDENTIFIER = Eval;
				PRODUCT_MODULE_NAME = "$(TARGET_NAME:c99extidentifier)";
				PRODUCT_NAME = "$(TARGET_NAME:c99extidentifier)";
				SKIP_INSTALL = YES;
				SWIFT_VERSION = 4.0;
				TARGET_NAME = Eval;
			};
			name = Debug;
		};
		OBJ_66 /* Release */ = {
			isa = XCBuildConfiguration;
			buildSettings = {
				ENABLE_TESTABILITY = YES;
				FRAMEWORK_SEARCH_PATHS = (
					"$(inherited)",
					"$(PLATFORM_DIR)/Developer/Library/Frameworks",
				);
				HEADER_SEARCH_PATHS = "$(inherited)";
				INFOPLIST_FILE = TemplateExample.xcodeproj/Eval_Info.plist;
				LD_RUNPATH_SEARCH_PATHS = "$(TOOLCHAIN_DIR)/usr/lib/swift/macosx";
				OTHER_LDFLAGS = "$(inherited)";
				OTHER_SWIFT_FLAGS = "$(inherited)";
				PRODUCT_BUNDLE_IDENTIFIER = Eval;
				PRODUCT_MODULE_NAME = "$(TARGET_NAME:c99extidentifier)";
				PRODUCT_NAME = "$(TARGET_NAME:c99extidentifier)";
				SKIP_INSTALL = YES;
				SWIFT_VERSION = 4.0;
				TARGET_NAME = Eval;
			};
			name = Release;
		};
		OBJ_78 /* Debug */ = {
			isa = XCBuildConfiguration;
			buildSettings = {
			};
			name = Debug;
		};
		OBJ_79 /* Release */ = {
			isa = XCBuildConfiguration;
			buildSettings = {
			};
			name = Release;
		};
/* End XCBuildConfiguration section */

/* Begin XCConfigurationList section */
		OBJ_2 /* Build configuration list for PBXProject "TemplateExample" */ = {
			isa = XCConfigurationList;
			buildConfigurations = (
				OBJ_3 /* Debug */,
				OBJ_4 /* Release */,
			);
			defaultConfigurationIsVisible = 0;
			defaultConfigurationName = Debug;
		};
		OBJ_31 /* Build configuration list for PBXNativeTarget "TemplateExamplePackageDescription" */ = {
			isa = XCConfigurationList;
			buildConfigurations = (
				OBJ_32 /* Debug */,
				OBJ_33 /* Release */,
			);
			defaultConfigurationIsVisible = 0;
			defaultConfigurationName = Debug;
		};
		OBJ_37 /* Build configuration list for PBXNativeTarget "EvalPackageDescription" */ = {
			isa = XCConfigurationList;
			buildConfigurations = (
				OBJ_38 /* Debug */,
				OBJ_39 /* Release */,
			);
			defaultConfigurationIsVisible = 0;
			defaultConfigurationName = Debug;
		};
		OBJ_43 /* Build configuration list for PBXNativeTarget "TemplateExampleTests" */ = {
			isa = XCConfigurationList;
			buildConfigurations = (
				OBJ_44 /* Debug */,
				OBJ_45 /* Release */,
			);
			defaultConfigurationIsVisible = 0;
			defaultConfigurationName = Debug;
		};
		OBJ_56 /* Build configuration list for PBXNativeTarget "TemplateExample" */ = {
			isa = XCConfigurationList;
			buildConfigurations = (
				OBJ_57 /* Debug */,
				OBJ_58 /* Release */,
			);
			defaultConfigurationIsVisible = 0;
			defaultConfigurationName = Debug;
		};
		OBJ_64 /* Build configuration list for PBXNativeTarget "Eval" */ = {
			isa = XCConfigurationList;
			buildConfigurations = (
				OBJ_65 /* Debug */,
				OBJ_66 /* Release */,
			);
			defaultConfigurationIsVisible = 0;
			defaultConfigurationName = Debug;
		};
		OBJ_77 /* Build configuration list for PBXAggregateTarget "TemplateExamplePackageTests" */ = {
			isa = XCConfigurationList;
			buildConfigurations = (
				OBJ_78 /* Debug */,
				OBJ_79 /* Release */,
			);
			defaultConfigurationIsVisible = 0;
			defaultConfigurationName = Debug;
		};
/* End XCConfigurationList section */
	};
	rootObject = OBJ_1 /* Project object */;
}
